
Microsoft Visual Studio Solution File, Format Version 12.00
# Visual Studio Version 17
VisualStudioVersion = 17.9.34728.123
MinimumVisualStudioVersion = 10.0.40219.1
Project("{9A19103F-16F7-4668-BE54-9A1E7A4F7556}") = "Restaurant delivery online", "Restaurant delivery online\Restaurant delivery online.csproj", "{63428069-C171-4DB2-8CE8-24309D4B19A3}"
EndProject
Project("{FAE04EC0-301F-11D3-BF4B-00C04F79EFBC}") = "Delivery.Api", "Delivery.Api\Delivery.Api.csproj", "{D765C091-BBFE-438F-B48F-B152A6D44A1E}"
EndProject
Global
	GlobalSection(SolutionConfigurationPlatforms) = preSolution
		Debug|Any CPU = Debug|Any CPU
		Release|Any CPU = Release|Any CPU
	EndGlobalSection
	GlobalSection(ProjectConfigurationPlatforms) = postSolution
		{63428069-C171-4DB2-8CE8-24309D4B19A3}.Debug|Any CPU.ActiveCfg = Debug|Any CPU
		{63428069-C171-4DB2-8CE8-24309D4B19A3}.Debug|Any CPU.Build.0 = Debug|Any CPU
		{63428069-C171-4DB2-8CE8-24309D4B19A3}.Release|Any CPU.ActiveCfg = Release|Any CPU
		{63428069-C171-4DB2-8CE8-24309D4B19A3}.Release|Any CPU.Build.0 = Release|Any CPU
		{D765C091-BBFE-438F-B48F-B152A6D44A1E}.Debug|Any CPU.ActiveCfg = Debug|Any CPU
		{D765C091-BBFE-438F-B48F-B152A6D44A1E}.Debug|Any CPU.Build.0 = Debug|Any CPU
		{D765C091-BBFE-438F-B48F-B152A6D44A1E}.Release|Any CPU.ActiveCfg = Release|Any CPU
		{D765C091-BBFE-438F-B48F-B152A6D44A1E}.Release|Any CPU.Build.0 = Release|Any CPU
	EndGlobalSection
	GlobalSection(SolutionProperties) = preSolution
		HideSolutionNode = FALSE
	EndGlobalSection
	GlobalSection(ExtensibilityGlobals) = postSolution
		SolutionGuid = {4C6BEE3C-E684-41D8-93B1-E9068D26D944}
	EndGlobalSection
EndGlobal
